// !$*UTF8*$!
{
	archiveVersion = 1;
	classes = {
	};
	objectVersion = 56;
	objects = {

/* Begin PBXBuildFile section */
		407E8AF22CB841B400D58055 /* AppDelegate.swift in Sources */ = {isa = PBXBuildFile; fileRef = 407E8AF12CB841B400D58055 /* AppDelegate.swift */; };
		407E8AF42CB841B400D58055 /* GameScene.sks in Resources */ = {isa = PBXBuildFile; fileRef = 407E8AF32CB841B400D58055 /* GameScene.sks */; };
		407E8AF62CB841B400D58055 /* Actions.sks in Resources */ = {isa = PBXBuildFile; fileRef = 407E8AF52CB841B400D58055 /* Actions.sks */; };
		407E8AF82CB841B400D58055 /* GameScene.swift in Sources */ = {isa = PBXBuildFile; fileRef = 407E8AF72CB841B400D58055 /* GameScene.swift */; };
		407E8AFA2CB841B400D58055 /* GameViewController.swift in Sources */ = {isa = PBXBuildFile; fileRef = 407E8AF92CB841B400D58055 /* GameViewController.swift */; };
		407E8AFD2CB841B400D58055 /* Base in Resources */ = {isa = PBXBuildFile; fileRef = 407E8AFC2CB841B400D58055 /* Base */; };
		407E8AFF2CB841BA00D58055 /* Assets.xcassets in Resources */ = {isa = PBXBuildFile; fileRef = 407E8AFE2CB841BA00D58055 /* Assets.xcassets */; };
		407E8B022CB841BA00D58055 /* Base in Resources */ = {isa = PBXBuildFile; fileRef = 407E8B012CB841BA00D58055 /* Base */; };
/* End PBXBuildFile section */

/* Begin PBXFileReference section */
		407E8AEE2CB841B400D58055 /* Project17 - SpaceRace.app */ = {isa = PBXFileReference; explicitFileType = wrapper.application; includeInIndex = 0; path = "Project17 - SpaceRace.app"; sourceTree = BUILT_PRODUCTS_DIR; };
		407E8AF12CB841B400D58055 /* AppDelegate.swift */ = {isa = PBXFileReference; lastKnownFileType = sourcecode.swift; path = AppDelegate.swift; sourceTree = "<group>"; };
		407E8AF32CB841B400D58055 /* GameScene.sks */ = {isa = PBXFileReference; lastKnownFileType = file.sks; path = GameScene.sks; sourceTree = "<group>"; };
		407E8AF52CB841B400D58055 /* Actions.sks */ = {isa = PBXFileReference; lastKnownFileType = file.sks; path = Actions.sks; sourceTree = "<group>"; };
		407E8AF72CB841B400D58055 /* GameScene.swift */ = {isa = PBXFileReference; lastKnownFileType = sourcecode.swift; path = GameScene.swift; sourceTree = "<group>"; };
		407E8AF92CB841B400D58055 /* GameViewController.swift */ = {isa = PBXFileReference; lastKnownFileType = sourcecode.swift; path = GameViewController.swift; sourceTree = "<group>"; };
		407E8AFC2CB841B400D58055 /* Base */ = {isa = PBXFileReference; lastKnownFileType = file.storyboard; name = Base; path = Base.lproj/Main.storyboard; sourceTree = "<group>"; };
		407E8AFE2CB841BA00D58055 /* Assets.xcassets */ = {isa = PBXFileReference; lastKnownFileType = folder.assetcatalog; path = Assets.xcassets; sourceTree = "<group>"; };
		407E8B012CB841BA00D58055 /* Base */ = {isa = PBXFileReference; lastKnownFileType = file.storyboard; name = Base; path = Base.lproj/LaunchScreen.storyboard; sourceTree = "<group>"; };
/* End PBXFileReference section */

/* Begin PBXFrameworksBuildPhase section */
		407E8AEB2CB841B400D58055 /* Frameworks */ = {
			isa = PBXFrameworksBuildPhase;
			buildActionMask = 2147483647;
			files = (
			);
			runOnlyForDeploymentPostprocessing = 0;
		};
/* End PBXFrameworksBuildPhase section */

/* Begin PBXGroup section */
		407E8AE52CB841B400D58055 = {
			isa = PBXGroup;
			children = (
				407E8AF02CB841B400D58055 /* Project17 - SpaceRace */,
				407E8AEF2CB841B400D58055 /* Products */,
			);
			sourceTree = "<group>";
		};
		407E8AEF2CB841B400D58055 /* Products */ = {
			isa = PBXGroup;
			children = (
				407E8AEE2CB841B400D58055 /* Project17 - SpaceRace.app */,
			);
			name = Products;
			sourceTree = "<group>";
		};
		407E8AF02CB841B400D58055 /* Project17 - SpaceRace */ = {
			isa = PBXGroup;
			children = (
				407E8AF12CB841B400D58055 /* AppDelegate.swift */,
				407E8AF32CB841B400D58055 /* GameScene.sks */,
				407E8AF52CB841B400D58055 /* Actions.sks */,
				407E8AF72CB841B400D58055 /* GameScene.swift */,
				407E8AF92CB841B400D58055 /* GameViewController.swift */,
				407E8AFB2CB841B400D58055 /* Main.storyboard */,
				407E8AFE2CB841BA00D58055 /* Assets.xcassets */,
				407E8B002CB841BA00D58055 /* LaunchScreen.storyboard */,
			);
			path = "Project17 - SpaceRace";
			sourceTree = "<group>";
		};
/* End PBXGroup section */

/* Begin PBXNativeTarget section */
		407E8AED2CB841B400D58055 /* Project17 - SpaceRace */ = {
			isa = PBXNativeTarget;
			buildConfigurationList = 407E8B052CB841BA00D58055 /* Build configuration list for PBXNativeTarget "Project17 - SpaceRace" */;
			buildPhases = (
				407E8AEA2CB841B400D58055 /* Sources */,
				407E8AEB2CB841B400D58055 /* Frameworks */,
				407E8AEC2CB841B400D58055 /* Resources */,
			);
			buildRules = (
			);
			dependencies = (
			);
			name = "Project17 - SpaceRace";
			productName = "Project17 - SpaceRace";
			productReference = 407E8AEE2CB841B400D58055 /* Project17 - SpaceRace.app */;
			productType = "com.apple.product-type.application";
		};
/* End PBXNativeTarget section */

/* Begin PBXProject section */
		407E8AE62CB841B400D58055 /* Project object */ = {
			isa = PBXProject;
			attributes = {
				BuildIndependentTargetsInParallel = 1;
				LastSwiftUpdateCheck = 1540;
				LastUpgradeCheck = 1540;
				TargetAttributes = {
					407E8AED2CB841B400D58055 = {
						CreatedOnToolsVersion = 15.4;
					};
				};
			};
			buildConfigurationList = 407E8AE92CB841B400D58055 /* Build configuration list for PBXProject "Project17 - SpaceRace" */;
			compatibilityVersion = "Xcode 14.0";
			developmentRegion = en;
			hasScannedForEncodings = 0;
			knownRegions = (
				en,
				Base,
			);
			mainGroup = 407E8AE52CB841B400D58055;
			productRefGroup = 407E8AEF2CB841B400D58055 /* Products */;
			projectDirPath = "";
			projectRoot = "";
			targets = (
				407E8AED2CB841B400D58055 /* Project17 - SpaceRace */,
			);
		};
/* End PBXProject section */

/* Begin PBXResourcesBuildPhase section */
		407E8AEC2CB841B400D58055 /* Resources */ = {
			isa = PBXResourcesBuildPhase;
			buildActionMask = 2147483647;
			files = (
				407E8AF42CB841B400D58055 /* GameScene.sks in Resources */,
				407E8AFD2CB841B400D58055 /* Base in Resources */,
				407E8AFF2CB841BA00D58055 /* Assets.xcassets in Resources */,
				407E8AF62CB841B400D58055 /* Actions.sks in Resources */,
				407E8B022CB841BA00D58055 /* Base in Resources */,
			);
			runOnlyForDeploymentPostprocessing = 0;
		};
/* End PBXResourcesBuildPhase section */

/* Begin PBXSourcesBuildPhase section */
		407E8AEA2CB841B400D58055 /* Sources */ = {
			isa = PBXSourcesBuildPhase;
			buildActionMask = 2147483647;
			files = (
				407E8AF82CB841B400D58055 /* GameScene.swift in Sources */,
				407E8AFA2CB841B400D58055 /* GameViewController.swift in Sources */,
				407E8AF22CB841B400D58055 /* AppDelegate.swift in Sources */,
			);
			runOnlyForDeploymentPostprocessing = 0;
		};
/* End PBXSourcesBuildPhase section */

/* Begin PBXVariantGroup section */
		407E8AFB2CB841B400D58055 /* Main.storyboard */ = {
			isa = PBXVariantGroup;
			children = (
				407E8AFC2CB841B400D58055 /* Base */,
			);
			name = Main.storyboard;
			sourceTree = "<group>";
		};
		407E8B002CB841BA00D58055 /* LaunchScreen.storyboard */ = {
			isa = PBXVariantGroup;
			children = (
				407E8B012CB841BA00D58055 /* Base */,
			);
			name = LaunchScreen.storyboard;
			sourceTree = "<group>";
		};
/* End PBXVariantGroup section */

/* Begin XCBuildConfiguration section */
		407E8B032CB841BA00D58055 /* Debug */ = {
			isa = XCBuildConfiguration;
			buildSettings = {
				ALWAYS_SEARCH_USER_PATHS = NO;
				ASSETCATALOG_COMPILER_GENERATE_SWIFT_ASSET_SYMBOL_EXTENSIONS = YES;
				CLANG_ANALYZER_NONNULL = YES;
				CLANG_ANALYZER_NUMBER_OBJECT_CONVERSION = YES_AGGRESSIVE;
				CLANG_CXX_LANGUAGE_STANDARD = "gnu++20";
				CLANG_ENABLE_MODULES = YES;
				CLANG_ENABLE_OBJC_ARC = YES;
				CLANG_ENABLE_OBJC_WEAK = YES;
				CLANG_WARN_BLOCK_CAPTURE_AUTORELEASING = YES;
				CLANG_WARN_BOOL_CONVERSION = YES;
				CLANG_WARN_COMMA = YES;
				CLANG_WARN_CONSTANT_CONVERSION = YES;
				CLANG_WARN_DEPRECATED_OBJC_IMPLEMENTATIONS = YES;
				CLANG_WARN_DIRECT_OBJC_ISA_USAGE = YES_ERROR;
				CLANG_WARN_DOCUMENTATION_COMMENTS = YES;
				CLANG_WARN_EMPTY_BODY = YES;
				CLANG_WARN_ENUM_CONVERSION = YES;
				CLANG_WARN_INFINITE_RECURSION = YES;
				CLANG_WARN_INT_CONVERSION = YES;
				CLANG_WARN_NON_LITERAL_NULL_CONVERSION = YES;
				CLANG_WARN_OBJC_IMPLICIT_RETAIN_SELF = YES;
				CLANG_WARN_OBJC_LITERAL_CONVERSION = YES;
				CLANG_WARN_OBJC_ROOT_CLASS = YES_ERROR;
				CLANG_WARN_QUOTED_INCLUDE_IN_FRAMEWORK_HEADER = YES;
				CLANG_WARN_RANGE_LOOP_ANALYSIS = YES;
				CLANG_WARN_STRICT_PROTOTYPES = YES;
				CLANG_WARN_SUSPICIOUS_MOVE = YES;
				CLANG_WARN_UNGUARDED_AVAILABILITY = YES_AGGRESSIVE;
				CLANG_WARN_UNREACHABLE_CODE = YES;
				CLANG_WARN__DUPLICATE_METHOD_MATCH = YES;
				COPY_PHASE_STRIP = NO;
				DEBUG_INFORMATION_FORMAT = dwarf;
				ENABLE_STRICT_OBJC_MSGSEND = YES;
				ENABLE_TESTABILITY = YES;
				ENABLE_USER_SCRIPT_SANDBOXING = YES;
				GCC_C_LANGUAGE_STANDARD = gnu17;
				GCC_DYNAMIC_NO_PIC = NO;
				GCC_NO_COMMON_BLOCKS = YES;
				GCC_OPTIMIZATION_LEVEL = 0;
				GCC_PREPROCESSOR_DEFINITIONS = (
					"DEBUG=1",
					"$(inherited)",
				);
				GCC_WARN_64_TO_32_BIT_CONVERSION = YES;
				GCC_WARN_ABOUT_RETURN_TYPE = YES_ERROR;
				GCC_WARN_UNDECLARED_SELECTOR = YES;
				GCC_WARN_UNINITIALIZED_AUTOS = YES_AGGRESSIVE;
				GCC_WARN_UNUSED_FUNCTION = YES;
				GCC_WARN_UNUSED_VARIABLE = YES;
				IPHONEOS_DEPLOYMENT_TARGET = 17.5;
				LOCALIZATION_PREFERS_STRING_CATALOGS = YES;
				MTL_ENABLE_DEBUG_INFO = INCLUDE_SOURCE;
				MTL_FAST_MATH = YES;
				ONLY_ACTIVE_ARCH = YES;
				SDKROOT = iphoneos;
				SWIFT_ACTIVE_COMPILATION_CONDITIONS = "DEBUG $(inherited)";
				SWIFT_OPTIMIZATION_LEVEL = "-Onone";
			};
			name = Debug;
		};
		407E8B042CB841BA00D58055 /* Release */ = {
			isa = XCBuildConfiguration;
			buildSettings = {
				ALWAYS_SEARCH_USER_PATHS = NO;
				ASSETCATALOG_COMPILER_GENERATE_SWIFT_ASSET_SYMBOL_EXTENSIONS = YES;
				CLANG_ANALYZER_NONNULL = YES;
				CLANG_ANALYZER_NUMBER_OBJECT_CONVERSION = YES_AGGRESSIVE;
				CLANG_CXX_LANGUAGE_STANDARD = "gnu++20";
				CLANG_ENABLE_MODULES = YES;
				CLANG_ENABLE_OBJC_ARC = YES;
				CLANG_ENABLE_OBJC_WEAK = YES;
				CLANG_WARN_BLOCK_CAPTURE_AUTORELEASING = YES;
				CLANG_WARN_BOOL_CONVERSION = YES;
				CLANG_WARN_COMMA = YES;
				CLANG_WARN_CONSTANT_CONVERSION = YES;
				CLANG_WARN_DEPRECATED_OBJC_IMPLEMENTATIONS = YES;
				CLANG_WARN_DIRECT_OBJC_ISA_USAGE = YES_ERROR;
				CLANG_WARN_DOCUMENTATION_COMMENTS = YES;
				CLANG_WARN_EMPTY_BODY = YES;
				CLANG_WARN_ENUM_CONVERSION = YES;
				CLANG_WARN_INFINITE_RECURSION = YES;
				CLANG_WARN_INT_CONVERSION = YES;
				CLANG_WARN_NON_LITERAL_NULL_CONVERSION = YES;
				CLANG_WARN_OBJC_IMPLICIT_RETAIN_SELF = YES;
				CLANG_WARN_OBJC_LITERAL_CONVERSION = YES;
				CLANG_WARN_OBJC_ROOT_CLASS = YES_ERROR;
				CLANG_WARN_QUOTED_INCLUDE_IN_FRAMEWORK_HEADER = YES;
				CLANG_WARN_RANGE_LOOP_ANALYSIS = YES;
				CLANG_WARN_STRICT_PROTOTYPES = YES;
				CLANG_WARN_SUSPICIOUS_MOVE = YES;
				CLANG_WARN_UNGUARDED_AVAILABILITY = YES_AGGRESSIVE;
				CLANG_WARN_UNREACHABLE_CODE = YES;
				CLANG_WARN__DUPLICATE_METHOD_MATCH = YES;
				COPY_PHASE_STRIP = NO;
				DEBUG_INFORMATION_FORMAT = "dwarf-with-dsym";
				ENABLE_NS_ASSERTIONS = NO;
				ENABLE_STRICT_OBJC_MSGSEND = YES;
				ENABLE_USER_SCRIPT_SANDBOXING = YES;
				GCC_C_LANGUAGE_STANDARD = gnu17;
				GCC_NO_COMMON_BLOCKS = YES;
				GCC_WARN_64_TO_32_BIT_CONVERSION = YES;
				GCC_WARN_ABOUT_RETURN_TYPE = YES_ERROR;
				GCC_WARN_UNDECLARED_SELECTOR = YES;
				GCC_WARN_UNINITIALIZED_AUTOS = YES_AGGRESSIVE;
				GCC_WARN_UNUSED_FUNCTION = YES;
				GCC_WARN_UNUSED_VARIABLE = YES;
				IPHONEOS_DEPLOYMENT_TARGET = 17.5;
				LOCALIZATION_PREFERS_STRING_CATALOGS = YES;
				MTL_ENABLE_DEBUG_INFO = NO;
				MTL_FAST_MATH = YES;
				SDKROOT = iphoneos;
				SWIFT_COMPILATION_MODE = wholemodule;
				VALIDATE_PRODUCT = YES;
			};
			name = Release;
		};
		407E8B062CB841BA00D58055 /* Debug */ = {
			isa = XCBuildConfiguration;
			buildSettings = {
				ASSETCATALOG_COMPILER_APPICON_NAME = AppIcon;
				ASSETCATALOG_COMPILER_GLOBAL_ACCENT_COLOR_NAME = AccentColor;
				CODE_SIGN_STYLE = Automatic;
				CURRENT_PROJECT_VERSION = 1;
				DEVELOPMENT_TEAM = M9MT23QW7V;
				GENERATE_INFOPLIST_FILE = YES;
				INFOPLIST_KEY_UIApplicationSupportsIndirectInputEvents = YES;
				INFOPLIST_KEY_UILaunchStoryboardName = LaunchScreen;
				INFOPLIST_KEY_UIMainStoryboardFile = Main;
				INFOPLIST_KEY_UIStatusBarHidden = YES;
				INFOPLIST_KEY_UISupportedInterfaceOrientations_iPad = "UIInterfaceOrientationPortrait UIInterfaceOrientationPortraitUpsideDown UIInterfaceOrientationLandscapeLeft UIInterfaceOrientationLandscapeRight";
				INFOPLIST_KEY_UISupportedInterfaceOrientations_iPhone = "UIInterfaceOrientationPortrait UIInterfaceOrientationLandscapeLeft UIInterfaceOrientationLandscapeRight";
				LD_RUNPATH_SEARCH_PATHS = (
					"$(inherited)",
					"@executable_path/Frameworks",
				);
				MARKETING_VERSION = 1.0;
				PRODUCT_BUNDLE_IDENTIFIER = "noahpope.Project17---SpaceRace";
				PRODUCT_NAME = "$(TARGET_NAME)";
				SWIFT_EMIT_LOC_STRINGS = YES;
				SWIFT_VERSION = 5.0;
				TARGETED_DEVICE_FAMILY = "1,2";
			};
			name = Debug;
		};
		407E8B072CB841BA00D58055 /* Release */ = {
			isa = XCBuildConfiguration;
			buildSettings = {
				ASSETCATALOG_COMPILER_APPICON_NAME = AppIcon;
				ASSETCATALOG_COMPILER_GLOBAL_ACCENT_COLOR_NAME = AccentColor;
				CODE_SIGN_STYLE = Automatic;
				CURRENT_PROJECT_VERSION = 1;
				DEVELOPMENT_TEAM = M9MT23QW7V;
				GENERATE_INFOPLIST_FILE = YES;
				INFOPLIST_KEY_UIApplicationSupportsIndirectInputEvents = YES;
				INFOPLIST_KEY_UILaunchStoryboardName = LaunchScreen;
				INFOPLIST_KEY_UIMainStoryboardFile = Main;
				INFOPLIST_KEY_UIStatusBarHidden = YES;
				INFOPLIST_KEY_UISupportedInterfaceOrientations_iPad = "UIInterfaceOrientationPortrait UIInterfaceOrientationPortraitUpsideDown UIInterfaceOrientationLandscapeLeft UIInterfaceOrientationLandscapeRight";
				INFOPLIST_KEY_UISupportedInterfaceOrientations_iPhone = "UIInterfaceOrientationPortrait UIInterfaceOrientationLandscapeLeft UIInterfaceOrientationLandscapeRight";
				LD_RUNPATH_SEARCH_PATHS = (
					"$(inherited)",
					"@executable_path/Frameworks",
				);
				MARKETING_VERSION = 1.0;
				PRODUCT_BUNDLE_IDENTIFIER = "noahpope.Project17---SpaceRace";
				PRODUCT_NAME = "$(TARGET_NAME)";
				SWIFT_EMIT_LOC_STRINGS = YES;
				SWIFT_VERSION = 5.0;
				TARGETED_DEVICE_FAMILY = "1,2";
			};
			name = Release;
		};
/* End XCBuildConfiguration section */

/* Begin XCConfigurationList section */
		407E8AE92CB841B400D58055 /* Build configuration list for PBXProject "Project17 - SpaceRace" */ = {
			isa = XCConfigurationList;
			buildConfigurations = (
				407E8B032CB841BA00D58055 /* Debug */,
				407E8B042CB841BA00D58055 /* Release */,
			);
			defaultConfigurationIsVisible = 0;
			defaultConfigurationName = Release;
		};
		407E8B052CB841BA00D58055 /* Build configuration list for PBXNativeTarget "Project17 - SpaceRace" */ = {
			isa = XCConfigurationList;
			buildConfigurations = (
				407E8B062CB841BA00D58055 /* Debug */,
				407E8B072CB841BA00D58055 /* Release */,
			);
			defaultConfigurationIsVisible = 0;
			defaultConfigurationName = Release;
		};
/* End XCConfigurationList section */
	};
	rootObject = 407E8AE62CB841B400D58055 /* Project object */;
}
